
Microsoft Visual Studio Solution File, Format Version 12.00
# Visual Studio 15
Project("{2150E333-8FDC-42A3-9474-1A3956D46DE8}") = "web", "web", "{C225D1D7-655C-4A43-A8BA-CB7E6ED92E99}"
EndProject
Project("{FAE04EC0-301F-11D3-BF4B-00C04F79EFBC}") = "WebApi", "WebApi\WebApi.csproj", "{BFEDF3FF-3F7C-41F7-B599-80E8C218DF7E}"
EndProject
Project("{FAE04EC0-301F-11D3-BF4B-00C04F79EFBC}") = "WebUtils", "WebUtils\WebUtils.csproj", "{3FFD8228-C72C-4B1E-A058-45BB40F7D80C}"
EndProject
Project("{FAE04EC0-301F-11D3-BF4B-00C04F79EFBC}") = "Authentification", "Authentification\Authentification.csproj", "{875D5B68-1640-4186-B83A-4019ABC287C5}"
EndProject
Project("{2150E333-8FDC-42A3-9474-1A3956D46DE8}") = "Modules", "Modules", "{CB0B2882-0FEE-40CF-913C-CA7681EA160A}"
EndProject
Project("{2150E333-8FDC-42A3-9474-1A3956D46DE8}") = "Assets", "Assets", "{6DEB90BF-4D7D-4A4C-A0F0-4F0A2D9DB5A1}"
EndProject
Project("{FAE04EC0-301F-11D3-BF4B-00C04F79EFBC}") = "Asset.Services", "Asset.Services\Asset.Services.csproj", "{35E9B597-8A38-49CF-9424-A1798E717C72}"
EndProject
Project("{FAE04EC0-301F-11D3-BF4B-00C04F79EFBC}") = "Asset.Infrastructure", "Asset.Infrastructure\Asset.Infrastructure.csproj", "{67192F71-A5E4-4646-84F6-E1B05632521D}"
EndProject
Project("{FAE04EC0-301F-11D3-BF4B-00C04F79EFBC}") = "Asset.Core", "Asset.Core\Asset.Core.csproj", "{934DD5FC-7695-4212-8A32-2A6C0413751E}"
EndProject
Project("{2150E333-8FDC-42A3-9474-1A3956D46DE8}") = "Common", "Common", "{09BFE172-13B7-40D6-9E8A-231DFC4C2A8D}"
EndProject
Project("{FAE04EC0-301F-11D3-BF4B-00C04F79EFBC}") = "Common.Infrastructure", "Common.Infrastructure\Common.Infrastructure.csproj", "{8CD83A54-543A-43CF-94CA-29B4DB36689A}"
EndProject
Project("{FAE04EC0-301F-11D3-BF4B-00C04F79EFBC}") = "Common.Core", "Common.Core\Common.Core.csproj", "{23D6542E-A949-4CC7-B633-39942A2D39FF}"
EndProject
Global
	GlobalSection(SolutionConfigurationPlatforms) = preSolution
		Debug|x86 = Debug|x86
		Release|x86 = Release|x86
	EndGlobalSection
	GlobalSection(ProjectConfigurationPlatforms) = postSolution
		{BFEDF3FF-3F7C-41F7-B599-80E8C218DF7E}.Debug|x86.ActiveCfg = Debug|Any CPU
		{BFEDF3FF-3F7C-41F7-B599-80E8C218DF7E}.Debug|x86.Build.0 = Debug|Any CPU
		{BFEDF3FF-3F7C-41F7-B599-80E8C218DF7E}.Release|x86.ActiveCfg = Release|Any CPU
		{BFEDF3FF-3F7C-41F7-B599-80E8C218DF7E}.Release|x86.Build.0 = Release|Any CPU
		{3FFD8228-C72C-4B1E-A058-45BB40F7D80C}.Debug|x86.ActiveCfg = Debug|Any CPU
		{3FFD8228-C72C-4B1E-A058-45BB40F7D80C}.Debug|x86.Build.0 = Debug|Any CPU
		{3FFD8228-C72C-4B1E-A058-45BB40F7D80C}.Release|x86.ActiveCfg = Release|Any CPU
		{3FFD8228-C72C-4B1E-A058-45BB40F7D80C}.Release|x86.Build.0 = Release|Any CPU
		{875D5B68-1640-4186-B83A-4019ABC287C5}.Debug|x86.ActiveCfg = Debug|Any CPU
		{875D5B68-1640-4186-B83A-4019ABC287C5}.Debug|x86.Build.0 = Debug|Any CPU
		{875D5B68-1640-4186-B83A-4019ABC287C5}.Release|x86.ActiveCfg = Release|Any CPU
		{875D5B68-1640-4186-B83A-4019ABC287C5}.Release|x86.Build.0 = Release|Any CPU
		{35E9B597-8A38-49CF-9424-A1798E717C72}.Debug|x86.ActiveCfg = Debug|Any CPU
		{35E9B597-8A38-49CF-9424-A1798E717C72}.Debug|x86.Build.0 = Debug|Any CPU
		{35E9B597-8A38-49CF-9424-A1798E717C72}.Release|x86.ActiveCfg = Release|Any CPU
		{35E9B597-8A38-49CF-9424-A1798E717C72}.Release|x86.Build.0 = Release|Any CPU
		{67192F71-A5E4-4646-84F6-E1B05632521D}.Debug|x86.ActiveCfg = Debug|Any CPU
		{67192F71-A5E4-4646-84F6-E1B05632521D}.Debug|x86.Build.0 = Debug|Any CPU
		{67192F71-A5E4-4646-84F6-E1B05632521D}.Release|x86.ActiveCfg = Release|Any CPU
		{67192F71-A5E4-4646-84F6-E1B05632521D}.Release|x86.Build.0 = Release|Any CPU
		{934DD5FC-7695-4212-8A32-2A6C0413751E}.Debug|x86.ActiveCfg = Debug|Any CPU
		{934DD5FC-7695-4212-8A32-2A6C0413751E}.Debug|x86.Build.0 = Debug|Any CPU
		{934DD5FC-7695-4212-8A32-2A6C0413751E}.Release|x86.ActiveCfg = Release|Any CPU
		{934DD5FC-7695-4212-8A32-2A6C0413751E}.Release|x86.Build.0 = Release|Any CPU
		{8CD83A54-543A-43CF-94CA-29B4DB36689A}.Debug|x86.ActiveCfg = Debug|Any CPU
		{8CD83A54-543A-43CF-94CA-29B4DB36689A}.Debug|x86.Build.0 = Debug|Any CPU
		{8CD83A54-543A-43CF-94CA-29B4DB36689A}.Release|x86.ActiveCfg = Release|Any CPU
		{8CD83A54-543A-43CF-94CA-29B4DB36689A}.Release|x86.Build.0 = Release|Any CPU
		{23D6542E-A949-4CC7-B633-39942A2D39FF}.Debug|x86.ActiveCfg = Debug|Any CPU
		{23D6542E-A949-4CC7-B633-39942A2D39FF}.Debug|x86.Build.0 = Debug|Any CPU
		{23D6542E-A949-4CC7-B633-39942A2D39FF}.Release|x86.ActiveCfg = Release|Any CPU
		{23D6542E-A949-4CC7-B633-39942A2D39FF}.Release|x86.Build.0 = Release|Any CPU
	EndGlobalSection
	GlobalSection(NestedProjects) = preSolution
		{BFEDF3FF-3F7C-41F7-B599-80E8C218DF7E} = {C225D1D7-655C-4A43-A8BA-CB7E6ED92E99}
		{3FFD8228-C72C-4B1E-A058-45BB40F7D80C} = {C225D1D7-655C-4A43-A8BA-CB7E6ED92E99}
		{875D5B68-1640-4186-B83A-4019ABC287C5} = {C225D1D7-655C-4A43-A8BA-CB7E6ED92E99}
		{6DEB90BF-4D7D-4A4C-A0F0-4F0A2D9DB5A1} = {CB0B2882-0FEE-40CF-913C-CA7681EA160A}
		{35E9B597-8A38-49CF-9424-A1798E717C72} = {6DEB90BF-4D7D-4A4C-A0F0-4F0A2D9DB5A1}
		{67192F71-A5E4-4646-84F6-E1B05632521D} = {6DEB90BF-4D7D-4A4C-A0F0-4F0A2D9DB5A1}
		{934DD5FC-7695-4212-8A32-2A6C0413751E} = {6DEB90BF-4D7D-4A4C-A0F0-4F0A2D9DB5A1}
		{09BFE172-13B7-40D6-9E8A-231DFC4C2A8D} = {CB0B2882-0FEE-40CF-913C-CA7681EA160A}
		{8CD83A54-543A-43CF-94CA-29B4DB36689A} = {09BFE172-13B7-40D6-9E8A-231DFC4C2A8D}
		{23D6542E-A949-4CC7-B633-39942A2D39FF} = {09BFE172-13B7-40D6-9E8A-231DFC4C2A8D}
	EndGlobalSection
EndGlobal
