
Microsoft Visual Studio Solution File, Format Version 12.00
# Visual Studio 15
Project("{2150E333-8FDC-42A3-9474-1A3956D46DE8}") = "web", "web", "{C225D1D7-655C-4A43-A8BA-CB7E6ED92E99}"
EndProject
Project("{FAE04EC0-301F-11D3-BF4B-00C04F79EFBC}") = "WebApi", "WebApi\WebApi.csproj", "{BFEDF3FF-3F7C-41F7-B599-80E8C218DF7E}"
EndProject
Project("{FAE04EC0-301F-11D3-BF4B-00C04F79EFBC}") = "WebUtils", "WebUtils\WebUtils.csproj", "{3FFD8228-C72C-4B1E-A058-45BB40F7D80C}"
EndProject
Project("{FAE04EC0-301F-11D3-BF4B-00C04F79EFBC}") = "Authentification", "Authentification\Authentification.csproj", "{875D5B68-1640-4186-B83A-4019ABC287C5}"
EndProject
Project("{2150E333-8FDC-42A3-9474-1A3956D46DE8}") = "Modules", "Modules", "{CB0B2882-0FEE-40CF-913C-CA7681EA160A}"
EndProject
Project("{2150E333-8FDC-42A3-9474-1A3956D46DE8}") = "Assets", "Assets", "{D7A8F81D-967A-4A84-8121-F852642D4C2B}"
EndProject
Project("{FAE04EC0-301F-11D3-BF4B-00C04F79EFBC}") = "Asset.Services", "Services\Asset.Services.csproj", "{FB7DE247-81AD-4C78-89E8-FC89F143C7EE}"
EndProject
Global
	GlobalSection(SolutionConfigurationPlatforms) = preSolution
		Debug|x86 = Debug|x86
		Release|x86 = Release|x86
	EndGlobalSection
	GlobalSection(ProjectConfigurationPlatforms) = postSolution
		{BFEDF3FF-3F7C-41F7-B599-80E8C218DF7E}.Debug|x86.ActiveCfg = Debug|Any CPU
		{BFEDF3FF-3F7C-41F7-B599-80E8C218DF7E}.Debug|x86.Build.0 = Debug|Any CPU
		{BFEDF3FF-3F7C-41F7-B599-80E8C218DF7E}.Release|x86.ActiveCfg = Release|Any CPU
		{BFEDF3FF-3F7C-41F7-B599-80E8C218DF7E}.Release|x86.Build.0 = Release|Any CPU
		{3FFD8228-C72C-4B1E-A058-45BB40F7D80C}.Debug|x86.ActiveCfg = Debug|Any CPU
		{3FFD8228-C72C-4B1E-A058-45BB40F7D80C}.Debug|x86.Build.0 = Debug|Any CPU
		{3FFD8228-C72C-4B1E-A058-45BB40F7D80C}.Release|x86.ActiveCfg = Release|Any CPU
		{3FFD8228-C72C-4B1E-A058-45BB40F7D80C}.Release|x86.Build.0 = Release|Any CPU
		{875D5B68-1640-4186-B83A-4019ABC287C5}.Debug|x86.ActiveCfg = Debug|Any CPU
		{875D5B68-1640-4186-B83A-4019ABC287C5}.Debug|x86.Build.0 = Debug|Any CPU
		{875D5B68-1640-4186-B83A-4019ABC287C5}.Release|x86.ActiveCfg = Release|Any CPU
		{875D5B68-1640-4186-B83A-4019ABC287C5}.Release|x86.Build.0 = Release|Any CPU
		{FB7DE247-81AD-4C78-89E8-FC89F143C7EE}.Debug|x86.ActiveCfg = Debug|Any CPU
		{FB7DE247-81AD-4C78-89E8-FC89F143C7EE}.Debug|x86.Build.0 = Debug|Any CPU
		{FB7DE247-81AD-4C78-89E8-FC89F143C7EE}.Release|x86.ActiveCfg = Release|Any CPU
		{FB7DE247-81AD-4C78-89E8-FC89F143C7EE}.Release|x86.Build.0 = Release|Any CPU
	EndGlobalSection
	GlobalSection(NestedProjects) = preSolution
		{BFEDF3FF-3F7C-41F7-B599-80E8C218DF7E} = {C225D1D7-655C-4A43-A8BA-CB7E6ED92E99}
		{3FFD8228-C72C-4B1E-A058-45BB40F7D80C} = {C225D1D7-655C-4A43-A8BA-CB7E6ED92E99}
		{875D5B68-1640-4186-B83A-4019ABC287C5} = {C225D1D7-655C-4A43-A8BA-CB7E6ED92E99}
		{D7A8F81D-967A-4A84-8121-F852642D4C2B} = {CB0B2882-0FEE-40CF-913C-CA7681EA160A}
		{FB7DE247-81AD-4C78-89E8-FC89F143C7EE} = {D7A8F81D-967A-4A84-8121-F852642D4C2B}
	EndGlobalSection
EndGlobal
