
Microsoft Visual Studio Solution File, Format Version 12.00
# Visual Studio 15
Project("{FAE04EC0-301F-11D3-BF4B-00C04F79EFBC}") = "Authentification", "Authentification.csproj", "{64BF676E-06C0-4367-AEB6-A85B7ACEF045}"
EndProject
Global
	GlobalSection(SolutionConfigurationPlatforms) = preSolution
		Debug|Any CPU = Debug|Any CPU
		Release|Any CPU = Release|Any CPU
	EndGlobalSection
	GlobalSection(ProjectConfigurationPlatforms) = postSolution
		{64BF676E-06C0-4367-AEB6-A85B7ACEF045}.Debug|Any CPU.ActiveCfg = Debug|Any CPU
		{64BF676E-06C0-4367-AEB6-A85B7ACEF045}.Debug|Any CPU.Build.0 = Debug|Any CPU
		{64BF676E-06C0-4367-AEB6-A85B7ACEF045}.Release|Any CPU.ActiveCfg = Release|Any CPU
		{64BF676E-06C0-4367-AEB6-A85B7ACEF045}.Release|Any CPU.Build.0 = Release|Any CPU
	EndGlobalSection
EndGlobal
